
Microsoft Visual Studio Solution File, Format Version 12.00
# Visual Studio 15
VisualStudioVersion = 15.0.26124.0
MinimumVisualStudioVersion = 15.0.26124.0
Project("{FAE04EC0-301F-11D3-BF4B-00C04F79EFBC}") = "Answer", "Answer\Answer.csproj", "{444D6069-C9E5-4DE3-9934-CEAF96D8E45A}"
EndProject
Project("{FAE04EC0-301F-11D3-BF4B-00C04F79EFBC}") = "Answer.Test", "Answer.Test\Answer.Test.csproj", "{70A28C91-15D4-42B2-BE4D-15900FF42891}"
EndProject
Global
	GlobalSection(SolutionConfigurationPlatforms) = preSolution
		Debug|Any CPU = Debug|Any CPU
		Debug|x64 = Debug|x64
		Debug|x86 = Debug|x86
		Release|Any CPU = Release|Any CPU
		Release|x64 = Release|x64
		Release|x86 = Release|x86
	EndGlobalSection
	GlobalSection(SolutionProperties) = preSolution
		HideSolutionNode = FALSE
	EndGlobalSection
	GlobalSection(ProjectConfigurationPlatforms) = postSolution
		{444D6069-C9E5-4DE3-9934-CEAF96D8E45A}.Debug|Any CPU.ActiveCfg = Debug|Any CPU
		{444D6069-C9E5-4DE3-9934-CEAF96D8E45A}.Debug|Any CPU.Build.0 = Debug|Any CPU
		{444D6069-C9E5-4DE3-9934-CEAF96D8E45A}.Debug|x64.ActiveCfg = Debug|Any CPU
		{444D6069-C9E5-4DE3-9934-CEAF96D8E45A}.Debug|x64.Build.0 = Debug|Any CPU
		{444D6069-C9E5-4DE3-9934-CEAF96D8E45A}.Debug|x86.ActiveCfg = Debug|Any CPU
		{444D6069-C9E5-4DE3-9934-CEAF96D8E45A}.Debug|x86.Build.0 = Debug|Any CPU
		{444D6069-C9E5-4DE3-9934-CEAF96D8E45A}.Release|Any CPU.ActiveCfg = Release|Any CPU
		{444D6069-C9E5-4DE3-9934-CEAF96D8E45A}.Release|Any CPU.Build.0 = Release|Any CPU
		{444D6069-C9E5-4DE3-9934-CEAF96D8E45A}.Release|x64.ActiveCfg = Release|Any CPU
		{444D6069-C9E5-4DE3-9934-CEAF96D8E45A}.Release|x64.Build.0 = Release|Any CPU
		{444D6069-C9E5-4DE3-9934-CEAF96D8E45A}.Release|x86.ActiveCfg = Release|Any CPU
		{444D6069-C9E5-4DE3-9934-CEAF96D8E45A}.Release|x86.Build.0 = Release|Any CPU
		{70A28C91-15D4-42B2-BE4D-15900FF42891}.Debug|Any CPU.ActiveCfg = Debug|Any CPU
		{70A28C91-15D4-42B2-BE4D-15900FF42891}.Debug|Any CPU.Build.0 = Debug|Any CPU
		{70A28C91-15D4-42B2-BE4D-15900FF42891}.Debug|x64.ActiveCfg = Debug|Any CPU
		{70A28C91-15D4-42B2-BE4D-15900FF42891}.Debug|x64.Build.0 = Debug|Any CPU
		{70A28C91-15D4-42B2-BE4D-15900FF42891}.Debug|x86.ActiveCfg = Debug|Any CPU
		{70A28C91-15D4-42B2-BE4D-15900FF42891}.Debug|x86.Build.0 = Debug|Any CPU
		{70A28C91-15D4-42B2-BE4D-15900FF42891}.Release|Any CPU.ActiveCfg = Release|Any CPU
		{70A28C91-15D4-42B2-BE4D-15900FF42891}.Release|Any CPU.Build.0 = Release|Any CPU
		{70A28C91-15D4-42B2-BE4D-15900FF42891}.Release|x64.ActiveCfg = Release|Any CPU
		{70A28C91-15D4-42B2-BE4D-15900FF42891}.Release|x64.Build.0 = Release|Any CPU
		{70A28C91-15D4-42B2-BE4D-15900FF42891}.Release|x86.ActiveCfg = Release|Any CPU
		{70A28C91-15D4-42B2-BE4D-15900FF42891}.Release|x86.Build.0 = Release|Any CPU
	EndGlobalSection
EndGlobal
